
Microsoft Visual Studio Solution File, Format Version 12.00
# Visual Studio Version 17
VisualStudioVersion = 17.0.31903.59
MinimumVisualStudioVersion = 10.0.40219.1
Project("{FAE04EC0-301F-11D3-BF4B-00C04F79EFBC}") = "MemSignal.Core", "src\MemSignal.Core\MemSignal.Core.csproj", "{0C7D1B54-DF63-4A3E-B43F-BC8F1F916F84}"
EndProject
Project("{2150E333-8FDC-42A3-9474-1A3956D46DE8}") = "src", "src", "{827E0CD3-B72D-47B6-A68D-7590B98EB39B}"
EndProject
Project("{FAE04EC0-301F-11D3-BF4B-00C04F79EFBC}") = "MemSignal.App.Wpf", "src\MemSignal.App.Wpf\MemSignal.App.Wpf.csproj", "{0E39BEDE-C761-48D1-AA08-6DACFBEA2950}"
EndProject
Project("{2150E333-8FDC-42A3-9474-1A3956D46DE8}") = "tests", "tests", "{0AB3BF05-4346-4AA6-1389-037BE0695223}"
EndProject
Project("{FAE04EC0-301F-11D3-BF4B-00C04F79EFBC}") = "MemSignal.Tests", "tests\MemSignal.Tests\MemSignal.Tests.csproj", "{FF1F7FEA-9CA9-48EB-9342-D3EBFF6F8DB1}"
EndProject
Global
	GlobalSection(SolutionConfigurationPlatforms) = preSolution
		Debug|Any CPU = Debug|Any CPU
		Debug|x64 = Debug|x64
		Debug|x86 = Debug|x86
		Release|Any CPU = Release|Any CPU
		Release|x64 = Release|x64
		Release|x86 = Release|x86
	EndGlobalSection
	GlobalSection(ProjectConfigurationPlatforms) = postSolution
		{0C7D1B54-DF63-4A3E-B43F-BC8F1F916F84}.Debug|Any CPU.ActiveCfg = Debug|Any CPU
		{0C7D1B54-DF63-4A3E-B43F-BC8F1F916F84}.Debug|Any CPU.Build.0 = Debug|Any CPU
		{0C7D1B54-DF63-4A3E-B43F-BC8F1F916F84}.Debug|x64.ActiveCfg = Debug|Any CPU
		{0C7D1B54-DF63-4A3E-B43F-BC8F1F916F84}.Debug|x64.Build.0 = Debug|Any CPU
		{0C7D1B54-DF63-4A3E-B43F-BC8F1F916F84}.Debug|x86.ActiveCfg = Debug|Any CPU
		{0C7D1B54-DF63-4A3E-B43F-BC8F1F916F84}.Debug|x86.Build.0 = Debug|Any CPU
		{0C7D1B54-DF63-4A3E-B43F-BC8F1F916F84}.Release|Any CPU.ActiveCfg = Release|Any CPU
		{0C7D1B54-DF63-4A3E-B43F-BC8F1F916F84}.Release|Any CPU.Build.0 = Release|Any CPU
		{0C7D1B54-DF63-4A3E-B43F-BC8F1F916F84}.Release|x64.ActiveCfg = Release|Any CPU
		{0C7D1B54-DF63-4A3E-B43F-BC8F1F916F84}.Release|x64.Build.0 = Release|Any CPU
		{0C7D1B54-DF63-4A3E-B43F-BC8F1F916F84}.Release|x86.ActiveCfg = Release|Any CPU
		{0C7D1B54-DF63-4A3E-B43F-BC8F1F916F84}.Release|x86.Build.0 = Release|Any CPU
		{0E39BEDE-C761-48D1-AA08-6DACFBEA2950}.Debug|Any CPU.ActiveCfg = Debug|Any CPU
		{0E39BEDE-C761-48D1-AA08-6DACFBEA2950}.Debug|Any CPU.Build.0 = Debug|Any CPU
		{0E39BEDE-C761-48D1-AA08-6DACFBEA2950}.Debug|x64.ActiveCfg = Debug|Any CPU
		{0E39BEDE-C761-48D1-AA08-6DACFBEA2950}.Debug|x64.Build.0 = Debug|Any CPU
		{0E39BEDE-C761-48D1-AA08-6DACFBEA2950}.Debug|x86.ActiveCfg = Debug|Any CPU
		{0E39BEDE-C761-48D1-AA08-6DACFBEA2950}.Debug|x86.Build.0 = Debug|Any CPU
		{0E39BEDE-C761-48D1-AA08-6DACFBEA2950}.Release|Any CPU.ActiveCfg = Release|Any CPU
		{0E39BEDE-C761-48D1-AA08-6DACFBEA2950}.Release|Any CPU.Build.0 = Release|Any CPU
		{0E39BEDE-C761-48D1-AA08-6DACFBEA2950}.Release|x64.ActiveCfg = Release|Any CPU
		{0E39BEDE-C761-48D1-AA08-6DACFBEA2950}.Release|x64.Build.0 = Release|Any CPU
		{0E39BEDE-C761-48D1-AA08-6DACFBEA2950}.Release|x86.ActiveCfg = Release|Any CPU
		{0E39BEDE-C761-48D1-AA08-6DACFBEA2950}.Release|x86.Build.0 = Release|Any CPU
		{FF1F7FEA-9CA9-48EB-9342-D3EBFF6F8DB1}.Debug|Any CPU.ActiveCfg = Debug|Any CPU
		{FF1F7FEA-9CA9-48EB-9342-D3EBFF6F8DB1}.Debug|Any CPU.Build.0 = Debug|Any CPU
		{FF1F7FEA-9CA9-48EB-9342-D3EBFF6F8DB1}.Debug|x64.ActiveCfg = Debug|Any CPU
		{FF1F7FEA-9CA9-48EB-9342-D3EBFF6F8DB1}.Debug|x64.Build.0 = Debug|Any CPU
		{FF1F7FEA-9CA9-48EB-9342-D3EBFF6F8DB1}.Debug|x86.ActiveCfg = Debug|Any CPU
		{FF1F7FEA-9CA9-48EB-9342-D3EBFF6F8DB1}.Debug|x86.Build.0 = Debug|Any CPU
		{FF1F7FEA-9CA9-48EB-9342-D3EBFF6F8DB1}.Release|Any CPU.ActiveCfg = Release|Any CPU
		{FF1F7FEA-9CA9-48EB-9342-D3EBFF6F8DB1}.Release|Any CPU.Build.0 = Release|Any CPU
		{FF1F7FEA-9CA9-48EB-9342-D3EBFF6F8DB1}.Release|x64.ActiveCfg = Release|Any CPU
		{FF1F7FEA-9CA9-48EB-9342-D3EBFF6F8DB1}.Release|x64.Build.0 = Release|Any CPU
		{FF1F7FEA-9CA9-48EB-9342-D3EBFF6F8DB1}.Release|x86.ActiveCfg = Release|Any CPU
		{FF1F7FEA-9CA9-48EB-9342-D3EBFF6F8DB1}.Release|x86.Build.0 = Release|Any CPU
	EndGlobalSection
	GlobalSection(SolutionProperties) = preSolution
		HideSolutionNode = FALSE
	EndGlobalSection
	GlobalSection(NestedProjects) = preSolution
		{0E39BEDE-C761-48D1-AA08-6DACFBEA2950} = {827E0CD3-B72D-47B6-A68D-7590B98EB39B}
		{FF1F7FEA-9CA9-48EB-9342-D3EBFF6F8DB1} = {0AB3BF05-4346-4AA6-1389-037BE0695223}
	EndGlobalSection
EndGlobal
